
Microsoft Visual Studio Solution File, Format Version 12.00
# Visual Studio Version 16
VisualStudioVersion = 16.0.28922.388
MinimumVisualStudioVersion = 10.0.40219.1
Project("{FAE04EC0-301F-11D3-BF4B-00C04F79EFBC}") = "TestService", "TestService\TestService.csproj", "{70B2C229-0797-4730-A8A5-B74CBDD9D353}"
EndProject
Project("{FAE04EC0-301F-11D3-BF4B-00C04F79EFBC}") = "ApiGateway", "ApiGateway\ApiGateway.csproj", "{B34B8B05-9DC5-49B9-9D19-328ED66D350F}"
EndProject
Project("{E53339B2-1760-4266-BCC7-CA923CBCF16C}") = "docker-compose", "docker-compose.dcproj", "{2E2F005B-D6AE-49FD-A4C8-5AA8DD6F7503}"
EndProject
Project("{9A19103F-16F7-4668-BE54-9A1E7A4F7556}") = "Infrastructure", "Infrastructure\Infrastructure.csproj", "{5408F0A4-1A46-476C-8EBD-3ABC46F9F6D0}"
EndProject
Global
	GlobalSection(SolutionConfigurationPlatforms) = preSolution
		Debug|Any CPU = Debug|Any CPU
		Release|Any CPU = Release|Any CPU
	EndGlobalSection
	GlobalSection(ProjectConfigurationPlatforms) = postSolution
		{70B2C229-0797-4730-A8A5-B74CBDD9D353}.Debug|Any CPU.ActiveCfg = Debug|Any CPU
		{70B2C229-0797-4730-A8A5-B74CBDD9D353}.Debug|Any CPU.Build.0 = Debug|Any CPU
		{70B2C229-0797-4730-A8A5-B74CBDD9D353}.Release|Any CPU.ActiveCfg = Release|Any CPU
		{70B2C229-0797-4730-A8A5-B74CBDD9D353}.Release|Any CPU.Build.0 = Release|Any CPU
		{B34B8B05-9DC5-49B9-9D19-328ED66D350F}.Debug|Any CPU.ActiveCfg = Debug|Any CPU
		{B34B8B05-9DC5-49B9-9D19-328ED66D350F}.Debug|Any CPU.Build.0 = Debug|Any CPU
		{B34B8B05-9DC5-49B9-9D19-328ED66D350F}.Release|Any CPU.ActiveCfg = Release|Any CPU
		{B34B8B05-9DC5-49B9-9D19-328ED66D350F}.Release|Any CPU.Build.0 = Release|Any CPU
		{2E2F005B-D6AE-49FD-A4C8-5AA8DD6F7503}.Debug|Any CPU.ActiveCfg = Debug|Any CPU
		{2E2F005B-D6AE-49FD-A4C8-5AA8DD6F7503}.Debug|Any CPU.Build.0 = Debug|Any CPU
		{2E2F005B-D6AE-49FD-A4C8-5AA8DD6F7503}.Release|Any CPU.ActiveCfg = Release|Any CPU
		{2E2F005B-D6AE-49FD-A4C8-5AA8DD6F7503}.Release|Any CPU.Build.0 = Release|Any CPU
		{5408F0A4-1A46-476C-8EBD-3ABC46F9F6D0}.Debug|Any CPU.ActiveCfg = Debug|Any CPU
		{5408F0A4-1A46-476C-8EBD-3ABC46F9F6D0}.Debug|Any CPU.Build.0 = Debug|Any CPU
		{5408F0A4-1A46-476C-8EBD-3ABC46F9F6D0}.Release|Any CPU.ActiveCfg = Release|Any CPU
		{5408F0A4-1A46-476C-8EBD-3ABC46F9F6D0}.Release|Any CPU.Build.0 = Release|Any CPU
	EndGlobalSection
	GlobalSection(SolutionProperties) = preSolution
		HideSolutionNode = FALSE
	EndGlobalSection
	GlobalSection(ExtensibilityGlobals) = postSolution
		SolutionGuid = {7D5279A5-512B-4A9E-9D79-62BDB09791C8}
	EndGlobalSection
EndGlobal
